lockfileVersion: '9.0'

settings:
  autoInstallPeers: true
  excludeLinksFromLockfile: false

importers:

  .:
    dependencies:
      '@prisma/client':
        specifier: ^6.6.0
        version: 6.6.0
      '@radix-ui/react-checkbox':
        specifier: ^1.2.2
        version: 1.2.2(react-dom@19.1.0(react@19.1.0))(react@19.1.0)
      '@radix-ui/react-dialog':
        specifier: ^1.1.10
        version: 1.1.10(react-dom@19.1.0(react@19.1.0))(react@19.1.0)
      '@radix-ui/react-dropdown-menu':
        specifier: ^2.1.10
        version: 2.1.10(react-dom@19.1.0(react@19.1.0))(react@19.1.0)
      '@radix-ui/react-label':
        specifier: ^2.1.4
        version: 2.1.4(react-dom@19.1.0(react@19.1.0))(react@19.1.0)
      '@radix-ui/react-select':
        specifier: ^2.2.2
        version: 2.2.2(react-dom@19.1.0(react@19.1.0))(react@19.1.0)
      '@radix-ui/react-separator':
        specifier: ^1.1.4
        version: 1.1.4(react-dom@19.1.0(react@19.1.0))(react@19.1.0)
      '@radix-ui/react-slot':
        specifier: ^1.2.0
        version: 1.2.0(react@19.1.0)
      '@radix-ui/react-switch':
        specifier: ^1.2.2
        version: 1.2.2(react-dom@19.1.0(react@19.1.0))(react@19.1.0)
      '@radix-ui/react-tabs':
        specifier: ^1.1.7
        version: 1.1.7(react-dom@19.1.0(react@19.1.0))(react@19.1.0)
      class-variance-authority:
        specifier: ^0.7.1
        version: 0.7.1
      clsx:
        specifier: ^2.1.1
        version: 2.1.1
      lucide-react:
        specifier: ^0.501.0
        version: 0.501.0(react@19.1.0)
      tailwind-merge:
        specifier: ^3.2.0
        version: 3.2.0

packages:

  '@floating-ui/core@1.6.9':
    resolution: {integrity: sha512-uMXCuQ3BItDUbAMhIXw7UPXRfAlOAvZzdK9BWpE60MCn+Svt3aLn9jsPTi/WNGlRUu2uI0v5S7JiIUsbsvh3fw==}

  '@floating-ui/dom@1.6.13':
    resolution: {integrity: sha512-umqzocjDgNRGTuO7Q8CU32dkHkECqI8ZdMZ5Swb6QAM0t5rnlrN3lGo1hdpscRd3WS8T6DKYK4ephgIH9iRh3w==}

  '@floating-ui/react-dom@2.1.2':
    resolution: {integrity: sha512-06okr5cgPzMNBy+Ycse2A6udMi4bqwW/zgBF/rwjcNqWkyr82Mcg8b0vjX8OJpZFy/FKjJmw6wV7t44kK6kW7A==}
    peerDependencies:
      react: '>=16.8.0'
      react-dom: '>=16.8.0'

  '@floating-ui/utils@0.2.9':
    resolution: {integrity: sha512-MDWhGtE+eHw5JW7lq4qhc5yRLS11ERl1c7Z6Xd0a58DozHES6EnNNwUWbMiG4J9Cgj053Bhk8zvlhFYKVhULwg==}

  '@prisma/client@6.6.0':
    resolution: {integrity: sha512-vfp73YT/BHsWWOAuthKQ/1lBgESSqYqAWZEYyTdGXyFAHpmewwWL2Iz6ErIzkj4aHbuc6/cGSsE6ZY+pBO04Cg==}
    engines: {node: '>=18.18'}
    peerDependencies:
      prisma: '*'
      typescript: '>=5.1.0'
    peerDependenciesMeta:
      prisma:
        optional: true
      typescript:
        optional: true

  '@radix-ui/number@1.1.1':
    resolution: {integrity: sha512-MkKCwxlXTgz6CFoJx3pCwn07GKp36+aZyu/u2Ln2VrA5DcdyCZkASEDBTd8x5whTQQL5CiYf4prXKLcgQdv29g==}

  '@radix-ui/primitive@1.1.2':
    resolution: {integrity: sha512-XnbHrrprsNqZKQhStrSwgRUQzoCI1glLzdw79xiZPoofhGICeZRSQ3dIxAKH1gb3OHfNf4d6f+vAv3kil2eggA==}

  '@radix-ui/react-arrow@1.1.4':
    resolution: {integrity: sha512-qz+fxrqgNxG0dYew5l7qR3c7wdgRu1XVUHGnGYX7rg5HM4p9SWaRmJwfgR3J0SgyUKayLmzQIun+N6rWRgiRKw==}
    peerDependencies:
      '@types/react': '*'
      '@types/react-dom': '*'
      react: ^16.8 || ^17.0 || ^18.0 || ^19.0 || ^19.0.0-rc
      react-dom: ^16.8 || ^17.0 || ^18.0 || ^19.0 || ^19.0.0-rc
    peerDependenciesMeta:
      '@types/react':
        optional: true
      '@types/react-dom':
        optional: true

  '@radix-ui/react-checkbox@1.2.2':
    resolution: {integrity: sha512-pMxzQLK+m/tkDRXJg7VUjRx6ozsBdzNLOV4vexfVBU57qT2Gvf4cw2gKKhOohJxjadQ+WcUXCKosTIxcZzi03A==}
    peerDependencies:
      '@types/react': '*'
      '@types/react-dom': '*'
      react: ^16.8 || ^17.0 || ^18.0 || ^19.0 || ^19.0.0-rc
      react-dom: ^16.8 || ^17.0 || ^18.0 || ^19.0 || ^19.0.0-rc
    peerDependenciesMeta:
      '@types/react':
        optional: true
      '@types/react-dom':
        optional: true

  '@radix-ui/react-collection@1.1.4':
    resolution: {integrity: sha512-cv4vSf7HttqXilDnAnvINd53OTl1/bjUYVZrkFnA7nwmY9Ob2POUy0WY0sfqBAe1s5FyKsyceQlqiEGPYNTadg==}
    peerDependencies:
      '@types/react': '*'
      '@types/react-dom': '*'
      react: ^16.8 || ^17.0 || ^18.0 || ^19.0 || ^19.0.0-rc
      react-dom: ^16.8 || ^17.0 || ^18.0 || ^19.0 || ^19.0.0-rc
    peerDependenciesMeta:
      '@types/react':
        optional: true
      '@types/react-dom':
        optional: true

  '@radix-ui/react-compose-refs@1.1.2':
    resolution: {integrity: sha512-z4eqJvfiNnFMHIIvXP3CY57y2WJs5g2v3X0zm9mEJkrkNv4rDxu+sg9Jh8EkXyeqBkB7SOcboo9dMVqhyrACIg==}
    peerDependencies:
      '@types/react': '*'
      react: ^16.8 || ^17.0 || ^18.0 || ^19.0 || ^19.0.0-rc
    peerDependenciesMeta:
      '@types/react':
        optional: true

  '@radix-ui/react-context@1.1.2':
    resolution: {integrity: sha512-jCi/QKUM2r1Ju5a3J64TH2A5SpKAgh0LpknyqdQ4m6DCV0xJ2HG1xARRwNGPQfi1SLdLWZ1OJz6F4OMBBNiGJA==}
    peerDependencies:
      '@types/react': '*'
      react: ^16.8 || ^17.0 || ^18.0 || ^19.0 || ^19.0.0-rc
    peerDependenciesMeta:
      '@types/react':
        optional: true

  '@radix-ui/react-dialog@1.1.10':
    resolution: {integrity: sha512-m6pZb0gEM5uHPSb+i2nKKGQi/HMSVjARMsLMWQfKDP+eJ6B+uqryHnXhpnohTWElw+vEcMk/o4wJODtdRKHwqg==}
    peerDependencies:
      '@types/react': '*'
      '@types/react-dom': '*'
      react: ^16.8 || ^17.0 || ^18.0 || ^19.0 || ^19.0.0-rc
      react-dom: ^16.8 || ^17.0 || ^18.0 || ^19.0 || ^19.0.0-rc
    peerDependenciesMeta:
      '@types/react':
        optional: true
      '@types/react-dom':
        optional: true

  '@radix-ui/react-direction@1.1.1':
    resolution: {integrity: sha512-1UEWRX6jnOA2y4H5WczZ44gOOjTEmlqv1uNW4GAJEO5+bauCBhv8snY65Iw5/VOS/ghKN9gr2KjnLKxrsvoMVw==}
    peerDependencies:
      '@types/react': '*'
      react: ^16.8 || ^17.0 || ^18.0 || ^19.0 || ^19.0.0-rc
    peerDependenciesMeta:
      '@types/react':
        optional: true

  '@radix-ui/react-dismissable-layer@1.1.7':
    resolution: {integrity: sha512-j5+WBUdhccJsmH5/H0K6RncjDtoALSEr6jbkaZu+bjw6hOPOhHycr6vEUujl+HBK8kjUfWcoCJXxP6e4lUlMZw==}
    peerDependencies:
      '@types/react': '*'
      '@types/react-dom': '*'
      react: ^16.8 || ^17.0 || ^18.0 || ^19.0 || ^19.0.0-rc
      react-dom: ^16.8 || ^17.0 || ^18.0 || ^19.0 || ^19.0.0-rc
    peerDependenciesMeta:
      '@types/react':
        optional: true
      '@types/react-dom':
        optional: true

  '@radix-ui/react-dropdown-menu@2.1.10':
    resolution: {integrity: sha512-8qnILty92BmXbxKugWX3jgEeFeMoxtdggeCCxb/aB7l34QFAKB23IhJfnwyVMbRnAUJiT5LOay4kUS22+AWuRg==}
    peerDependencies:
      '@types/react': '*'
      '@types/react-dom': '*'
      react: ^16.8 || ^17.0 || ^18.0 || ^19.0 || ^19.0.0-rc
      react-dom: ^16.8 || ^17.0 || ^18.0 || ^19.0 || ^19.0.0-rc
    peerDependenciesMeta:
      '@types/react':
        optional: true
      '@types/react-dom':
        optional: true

  '@radix-ui/react-focus-guards@1.1.2':
    resolution: {integrity: sha512-fyjAACV62oPV925xFCrH8DR5xWhg9KYtJT4s3u54jxp+L/hbpTY2kIeEFFbFe+a/HCE94zGQMZLIpVTPVZDhaA==}
    peerDependencies:
      '@types/react': '*'
      react: ^16.8 || ^17.0 || ^18.0 || ^19.0 || ^19.0.0-rc
    peerDependenciesMeta:
      '@types/react':
        optional: true

  '@radix-ui/react-focus-scope@1.1.4':
    resolution: {integrity: sha512-r2annK27lIW5w9Ho5NyQgqs0MmgZSTIKXWpVCJaLC1q2kZrZkcqnmHkCHMEmv8XLvsLlurKMPT+kbKkRkm/xVA==}
    peerDependencies:
      '@types/react': '*'
      '@types/react-dom': '*'
      react: ^16.8 || ^17.0 || ^18.0 || ^19.0 || ^19.0.0-rc
      react-dom: ^16.8 || ^17.0 || ^18.0 || ^19.0 || ^19.0.0-rc
    peerDependenciesMeta:
      '@types/react':
        optional: true
      '@types/react-dom':
        optional: true

  '@radix-ui/react-id@1.1.1':
    resolution: {integrity: sha512-kGkGegYIdQsOb4XjsfM97rXsiHaBwco+hFI66oO4s9LU+PLAC5oJ7khdOVFxkhsmlbpUqDAvXw11CluXP+jkHg==}
    peerDependencies:
      '@types/react': '*'
      react: ^16.8 || ^17.0 || ^18.0 || ^19.0 || ^19.0.0-rc
    peerDependenciesMeta:
      '@types/react':
        optional: true

  '@radix-ui/react-label@2.1.4':
    resolution: {integrity: sha512-wy3dqizZnZVV4ja0FNnUhIWNwWdoldXrneEyUcVtLYDAt8ovGS4ridtMAOGgXBBIfggL4BOveVWsjXDORdGEQg==}
    peerDependencies:
      '@types/react': '*'
      '@types/react-dom': '*'
      react: ^16.8 || ^17.0 || ^18.0 || ^19.0 || ^19.0.0-rc
      react-dom: ^16.8 || ^17.0 || ^18.0 || ^19.0 || ^19.0.0-rc
    peerDependenciesMeta:
      '@types/react':
        optional: true
      '@types/react-dom':
        optional: true

  '@radix-ui/react-menu@2.1.10':
    resolution: {integrity: sha512-OupA+1PrVf2H0K4jIwkDyA+rsJ7vF1y/VxLEO43dmZ68GtCjvx9K1/B/QscPZM3jIeFNK/wPd0HmiLjT36hVcA==}
    peerDependencies:
      '@types/react': '*'
      '@types/react-dom': '*'
      react: ^16.8 || ^17.0 || ^18.0 || ^19.0 || ^19.0.0-rc
      react-dom: ^16.8 || ^17.0 || ^18.0 || ^19.0 || ^19.0.0-rc
    peerDependenciesMeta:
      '@types/react':
        optional: true
      '@types/react-dom':
        optional: true

  '@radix-ui/react-popper@1.2.4':
    resolution: {integrity: sha512-3p2Rgm/a1cK0r/UVkx5F/K9v/EplfjAeIFCGOPYPO4lZ0jtg4iSQXt/YGTSLWaf4x7NG6Z4+uKFcylcTZjeqDA==}
    peerDependencies:
      '@types/react': '*'
      '@types/react-dom': '*'
      react: ^16.8 || ^17.0 || ^18.0 || ^19.0 || ^19.0.0-rc
      react-dom: ^16.8 || ^17.0 || ^18.0 || ^19.0 || ^19.0.0-rc
    peerDependenciesMeta:
      '@types/react':
        optional: true
      '@types/react-dom':
        optional: true

  '@radix-ui/react-portal@1.1.6':
    resolution: {integrity: sha512-XmsIl2z1n/TsYFLIdYam2rmFwf9OC/Sh2avkbmVMDuBZIe7hSpM0cYnWPAo7nHOVx8zTuwDZGByfcqLdnzp3Vw==}
    peerDependencies:
      '@types/react': '*'
      '@types/react-dom': '*'
      react: ^16.8 || ^17.0 || ^18.0 || ^19.0 || ^19.0.0-rc
      react-dom: ^16.8 || ^17.0 || ^18.0 || ^19.0 || ^19.0.0-rc
    peerDependenciesMeta:
      '@types/react':
        optional: true
      '@types/react-dom':
        optional: true

  '@radix-ui/react-presence@1.1.3':
    resolution: {integrity: sha512-IrVLIhskYhH3nLvtcBLQFZr61tBG7wx7O3kEmdzcYwRGAEBmBicGGL7ATzNgruYJ3xBTbuzEEq9OXJM3PAX3tA==}
    peerDependencies:
      '@types/react': '*'
      '@types/react-dom': '*'
      react: ^16.8 || ^17.0 || ^18.0 || ^19.0 || ^19.0.0-rc
      react-dom: ^16.8 || ^17.0 || ^18.0 || ^19.0 || ^19.0.0-rc
    peerDependenciesMeta:
      '@types/react':
        optional: true
      '@types/react-dom':
        optional: true

  '@radix-ui/react-primitive@2.1.0':
    resolution: {integrity: sha512-/J/FhLdK0zVcILOwt5g+dH4KnkonCtkVJsa2G6JmvbbtZfBEI1gMsO3QMjseL4F/SwfAMt1Vc/0XKYKq+xJ1sw==}
    peerDependencies:
      '@types/react': '*'
      '@types/react-dom': '*'
      react: ^16.8 || ^17.0 || ^18.0 || ^19.0 || ^19.0.0-rc
      react-dom: ^16.8 || ^17.0 || ^18.0 || ^19.0 || ^19.0.0-rc
    peerDependenciesMeta:
      '@types/react':
        optional: true
      '@types/react-dom':
        optional: true

  '@radix-ui/react-roving-focus@1.1.6':
    resolution: {integrity: sha512-D2ReXCuIueKf5L2f1ks/wTj3bWck1SvK1pjLmEHPbwksS1nOHBsvgY0b9Hypt81FczqBqSyLHQxn/vbsQ0gDHw==}
    peerDependencies:
      '@types/react': '*'
      '@types/react-dom': '*'
      react: ^16.8 || ^17.0 || ^18.0 || ^19.0 || ^19.0.0-rc
      react-dom: ^16.8 || ^17.0 || ^18.0 || ^19.0 || ^19.0.0-rc
    peerDependenciesMeta:
      '@types/react':
        optional: true
      '@types/react-dom':
        optional: true

  '@radix-ui/react-select@2.2.2':
    resolution: {integrity: sha512-HjkVHtBkuq+r3zUAZ/CvNWUGKPfuicGDbgtZgiQuFmNcV5F+Tgy24ep2nsAW2nFgvhGPJVqeBZa6KyVN0EyrBA==}
    peerDependencies:
      '@types/react': '*'
      '@types/react-dom': '*'
      react: ^16.8 || ^17.0 || ^18.0 || ^19.0 || ^19.0.0-rc
      react-dom: ^16.8 || ^17.0 || ^18.0 || ^19.0 || ^19.0.0-rc
    peerDependenciesMeta:
      '@types/react':
        optional: true
      '@types/react-dom':
        optional: true

  '@radix-ui/react-separator@1.1.4':
    resolution: {integrity: sha512-2fTm6PSiUm8YPq9W0E4reYuv01EE3aFSzt8edBiXqPHshF8N9+Kymt/k0/R+F3dkY5lQyB/zPtrP82phskLi7w==}
    peerDependencies:
      '@types/react': '*'
      '@types/react-dom': '*'
      react: ^16.8 || ^17.0 || ^18.0 || ^19.0 || ^19.0.0-rc
      react-dom: ^16.8 || ^17.0 || ^18.0 || ^19.0 || ^19.0.0-rc
    peerDependenciesMeta:
      '@types/react':
        optional: true
      '@types/react-dom':
        optional: true

  '@radix-ui/react-slot@1.2.0':
    resolution: {integrity: sha512-ujc+V6r0HNDviYqIK3rW4ffgYiZ8g5DEHrGJVk4x7kTlLXRDILnKX9vAUYeIsLOoDpDJ0ujpqMkjH4w2ofuo6w==}
    peerDependencies:
      '@types/react': '*'
      react: ^16.8 || ^17.0 || ^18.0 || ^19.0 || ^19.0.0-rc
    peerDependenciesMeta:
      '@types/react':
        optional: true

  '@radix-ui/react-switch@1.2.2':
    resolution: {integrity: sha512-7Z8n6L+ifMIIYZ83f28qWSceUpkXuslI2FJ34+kDMTiyj91ENdpdQ7VCidrzj5JfwfZTeano/BnGBbu/jqa5rQ==}
    peerDependencies:
      '@types/react': '*'
      '@types/react-dom': '*'
      react: ^16.8 || ^17.0 || ^18.0 || ^19.0 || ^19.0.0-rc
      react-dom: ^16.8 || ^17.0 || ^18.0 || ^19.0 || ^19.0.0-rc
    peerDependenciesMeta:
      '@types/react':
        optional: true
      '@types/react-dom':
        optional: true

  '@radix-ui/react-tabs@1.1.7':
    resolution: {integrity: sha512-sawt4HkD+6haVGjYOC3BMIiCumBpqTK6o407n6zN/6yReed2EN7bXyykNrpqg+xCfudpBUZg7Y2cJBd/x/iybA==}
    peerDependencies:
      '@types/react': '*'
      '@types/react-dom': '*'
      react: ^16.8 || ^17.0 || ^18.0 || ^19.0 || ^19.0.0-rc
      react-dom: ^16.8 || ^17.0 || ^18.0 || ^19.0 || ^19.0.0-rc
    peerDependenciesMeta:
      '@types/react':
        optional: true
      '@types/react-dom':
        optional: true

  '@radix-ui/react-use-callback-ref@1.1.1':
    resolution: {integrity: sha512-FkBMwD+qbGQeMu1cOHnuGB6x4yzPjho8ap5WtbEJ26umhgqVXbhekKUQO+hZEL1vU92a3wHwdp0HAcqAUF5iDg==}
    peerDependencies:
      '@types/react': '*'
      react: ^16.8 || ^17.0 || ^18.0 || ^19.0 || ^19.0.0-rc
    peerDependenciesMeta:
      '@types/react':
        optional: true

  '@radix-ui/react-use-controllable-state@1.2.2':
    resolution: {integrity: sha512-BjasUjixPFdS+NKkypcyyN5Pmg83Olst0+c6vGov0diwTEo6mgdqVR6hxcEgFuh4QrAs7Rc+9KuGJ9TVCj0Zzg==}
    peerDependencies:
      '@types/react': '*'
      react: ^16.8 || ^17.0 || ^18.0 || ^19.0 || ^19.0.0-rc
    peerDependenciesMeta:
      '@types/react':
        optional: true

  '@radix-ui/react-use-effect-event@0.0.2':
    resolution: {integrity: sha512-Qp8WbZOBe+blgpuUT+lw2xheLP8q0oatc9UpmiemEICxGvFLYmHm9QowVZGHtJlGbS6A6yJ3iViad/2cVjnOiA==}
    peerDependencies:
      '@types/react': '*'
      react: ^16.8 || ^17.0 || ^18.0 || ^19.0 || ^19.0.0-rc
    peerDependenciesMeta:
      '@types/react':
        optional: true

  '@radix-ui/react-use-escape-keydown@1.1.1':
    resolution: {integrity: sha512-Il0+boE7w/XebUHyBjroE+DbByORGR9KKmITzbR7MyQ4akpORYP/ZmbhAr0DG7RmmBqoOnZdy2QlvajJ2QA59g==}
    peerDependencies:
      '@types/react': '*'
      react: ^16.8 || ^17.0 || ^18.0 || ^19.0 || ^19.0.0-rc
    peerDependenciesMeta:
      '@types/react':
        optional: true

  '@radix-ui/react-use-layout-effect@1.1.1':
    resolution: {integrity: sha512-RbJRS4UWQFkzHTTwVymMTUv8EqYhOp8dOOviLj2ugtTiXRaRQS7GLGxZTLL1jWhMeoSCf5zmcZkqTl9IiYfXcQ==}
    peerDependencies:
      '@types/react': '*'
      react: ^16.8 || ^17.0 || ^18.0 || ^19.0 || ^19.0.0-rc
    peerDependenciesMeta:
      '@types/react':
        optional: true

  '@radix-ui/react-use-previous@1.1.1':
    resolution: {integrity: sha512-2dHfToCj/pzca2Ck724OZ5L0EVrr3eHRNsG/b3xQJLA2hZpVCS99bLAX+hm1IHXDEnzU6by5z/5MIY794/a8NQ==}
    peerDependencies:
      '@types/react': '*'
      react: ^16.8 || ^17.0 || ^18.0 || ^19.0 || ^19.0.0-rc
    peerDependenciesMeta:
      '@types/react':
        optional: true

  '@radix-ui/react-use-rect@1.1.1':
    resolution: {integrity: sha512-QTYuDesS0VtuHNNvMh+CjlKJ4LJickCMUAqjlE3+j8w+RlRpwyX3apEQKGFzbZGdo7XNG1tXa+bQqIE7HIXT2w==}
    peerDependencies:
      '@types/react': '*'
      react: ^16.8 || ^17.0 || ^18.0 || ^19.0 || ^19.0.0-rc
    peerDependenciesMeta:
      '@types/react':
        optional: true

  '@radix-ui/react-use-size@1.1.1':
    resolution: {integrity: sha512-ewrXRDTAqAXlkl6t/fkXWNAhFX9I+CkKlw6zjEwk86RSPKwZr3xpBRso655aqYafwtnbpHLj6toFzmd6xdVptQ==}
    peerDependencies:
      '@types/react': '*'
      react: ^16.8 || ^17.0 || ^18.0 || ^19.0 || ^19.0.0-rc
    peerDependenciesMeta:
      '@types/react':
        optional: true

  '@radix-ui/react-visually-hidden@1.2.0':
    resolution: {integrity: sha512-rQj0aAWOpCdCMRbI6pLQm8r7S2BM3YhTa0SzOYD55k+hJA8oo9J+H+9wLM9oMlZWOX/wJWPTzfDfmZkf7LvCfg==}
    peerDependencies:
      '@types/react': '*'
      '@types/react-dom': '*'
      react: ^16.8 || ^17.0 || ^18.0 || ^19.0 || ^19.0.0-rc
      react-dom: ^16.8 || ^17.0 || ^18.0 || ^19.0 || ^19.0.0-rc
    peerDependenciesMeta:
      '@types/react':
        optional: true
      '@types/react-dom':
        optional: true

  '@radix-ui/rect@1.1.1':
    resolution: {integrity: sha512-HPwpGIzkl28mWyZqG52jiqDJ12waP11Pa1lGoiyUkIEuMLBP0oeK/C89esbXrxsky5we7dfd8U58nm0SgAWpVw==}

  aria-hidden@1.2.4:
    resolution: {integrity: sha512-y+CcFFwelSXpLZk/7fMB2mUbGtX9lKycf1MWJ7CaTIERyitVlyQx6C+sxcROU2BAJ24OiZyK+8wj2i8AlBoS3A==}
    engines: {node: '>=10'}

  class-variance-authority@0.7.1:
    resolution: {integrity: sha512-Ka+9Trutv7G8M6WT6SeiRWz792K5qEqIGEGzXKhAE6xOWAY6pPH8U+9IY3oCMv6kqTmLsv7Xh/2w2RigkePMsg==}

  clsx@2.1.1:
    resolution: {integrity: sha512-eYm0QWBtUrBWZWG0d386OGAw16Z995PiOVo2B7bjWSbHedGl5e0ZWaq65kOGgUSNesEIDkB9ISbTg/JK9dhCZA==}
    engines: {node: '>=6'}

  detect-node-es@1.1.0:
    resolution: {integrity: sha512-ypdmJU/TbBby2Dxibuv7ZLW3Bs1QEmM7nHjEANfohJLvE0XVujisn1qPJcZxg+qDucsr+bP6fLD1rPS3AhJ7EQ==}

  get-nonce@1.0.1:
    resolution: {integrity: sha512-FJhYRoDaiatfEkUK8HKlicmu/3SGFD51q3itKDGoSTysQJBnfOcxU5GxnhE1E6soB76MbT0MBtnKJuXyAx+96Q==}
    engines: {node: '>=6'}

  lucide-react@0.501.0:
    resolution: {integrity: sha512-E2KoyhW59fCb/yUbR3rbDer83fqn7a8NG91ZhIot2yWaPHjPyGzzsNKh40N//GezYShAuycf3TcQksRQznIsRw==}
    peerDependencies:
      react: ^16.5.1 || ^17.0.0 || ^18.0.0 || ^19.0.0

  react-dom@19.1.0:
    resolution: {integrity: sha512-Xs1hdnE+DyKgeHJeJznQmYMIBG3TKIHJJT95Q58nHLSrElKlGQqDTR2HQ9fx5CN/Gk6Vh/kupBTDLU11/nDk/g==}
    peerDependencies:
      react: ^19.1.0

  react-remove-scroll-bar@2.3.8:
    resolution: {integrity: sha512-9r+yi9+mgU33AKcj6IbT9oRCO78WriSj6t/cF8DWBZJ9aOGPOTEDvdUDz1FwKim7QXWwmHqtdHnRJfhAxEG46Q==}
    engines: {node: '>=10'}
    peerDependencies:
      '@types/react': '*'
      react: ^16.8.0 || ^17.0.0 || ^18.0.0 || ^19.0.0
    peerDependenciesMeta:
      '@types/react':
        optional: true

  react-remove-scroll@2.6.3:
    resolution: {integrity: sha512-pnAi91oOk8g8ABQKGF5/M9qxmmOPxaAnopyTHYfqYEwJhyFrbbBtHuSgtKEoH0jpcxx5o3hXqH1mNd9/Oi+8iQ==}
    engines: {node: '>=10'}
    peerDependencies:
      '@types/react': '*'
      react: ^16.8.0 || ^17.0.0 || ^18.0.0 || ^19.0.0 || ^19.0.0-rc
    peerDependenciesMeta:
      '@types/react':
        optional: true

  react-style-singleton@2.2.3:
    resolution: {integrity: sha512-b6jSvxvVnyptAiLjbkWLE/lOnR4lfTtDAl+eUC7RZy+QQWc6wRzIV2CE6xBuMmDxc2qIihtDCZD5NPOFl7fRBQ==}
    engines: {node: '>=10'}
    peerDependencies:
      '@types/react': '*'
      react: ^16.8.0 || ^17.0.0 || ^18.0.0 || ^19.0.0 || ^19.0.0-rc
    peerDependenciesMeta:
      '@types/react':
        optional: true

  react@19.1.0:
    resolution: {integrity: sha512-FS+XFBNvn3GTAWq26joslQgWNoFu08F4kl0J4CgdNKADkdSGXQyTCnKteIAJy96Br6YbpEU1LSzV5dYtjMkMDg==}
    engines: {node: '>=0.10.0'}

  scheduler@0.26.0:
    resolution: {integrity: sha512-NlHwttCI/l5gCPR3D1nNXtWABUmBwvZpEQiD4IXSbIDq8BzLIK/7Ir5gTFSGZDUu37K5cMNp0hFtzO38sC7gWA==}

  tailwind-merge@3.2.0:
    resolution: {integrity: sha512-FQT/OVqCD+7edmmJpsgCsY820RTD5AkBryuG5IUqR5YQZSdj5xlH5nLgH7YPths7WsLPSpSBNneJdM8aS8aeFA==}

  tslib@2.8.1:
    resolution: {integrity: sha512-oJFu94HQb+KVduSUQL7wnpmqnfmLsOA/nAh6b6EH0wCEoK0/mPeXU6c3wKDV83MkOuHPRHtSXKKU99IBazS/2w==}

  use-callback-ref@1.3.3:
    resolution: {integrity: sha512-jQL3lRnocaFtu3V00JToYz/4QkNWswxijDaCVNZRiRTO3HQDLsdu1ZtmIUvV4yPp+rvWm5j0y0TG/S61cuijTg==}
    engines: {node: '>=10'}
    peerDependencies:
      '@types/react': '*'
      react: ^16.8.0 || ^17.0.0 || ^18.0.0 || ^19.0.0 || ^19.0.0-rc
    peerDependenciesMeta:
      '@types/react':
        optional: true

  use-sidecar@1.1.3:
    resolution: {integrity: sha512-Fedw0aZvkhynoPYlA5WXrMCAMm+nSWdZt6lzJQ7Ok8S6Q+VsHmHpRWndVRJ8Be0ZbkfPc5LRYH+5XrzXcEeLRQ==}
    engines: {node: '>=10'}
    peerDependencies:
      '@types/react': '*'
      react: ^16.8.0 || ^17.0.0 || ^18.0.0 || ^19.0.0 || ^19.0.0-rc
    peerDependenciesMeta:
      '@types/react':
        optional: true

snapshots:

  '@floating-ui/core@1.6.9':
    dependencies:
      '@floating-ui/utils': 0.2.9

  '@floating-ui/dom@1.6.13':
    dependencies:
      '@floating-ui/core': 1.6.9
      '@floating-ui/utils': 0.2.9

  '@floating-ui/react-dom@2.1.2(react-dom@19.1.0(react@19.1.0))(react@19.1.0)':
    dependencies:
      '@floating-ui/dom': 1.6.13
      react: 19.1.0
      react-dom: 19.1.0(react@19.1.0)

  '@floating-ui/utils@0.2.9': {}

  '@prisma/client@6.6.0': {}

  '@radix-ui/number@1.1.1': {}

  '@radix-ui/primitive@1.1.2': {}

  '@radix-ui/react-arrow@1.1.4(react-dom@19.1.0(react@19.1.0))(react@19.1.0)':
    dependencies:
      '@radix-ui/react-primitive': 2.1.0(react-dom@19.1.0(react@19.1.0))(react@19.1.0)
      react: 19.1.0
      react-dom: 19.1.0(react@19.1.0)

  '@radix-ui/react-checkbox@1.2.2(react-dom@19.1.0(react@19.1.0))(react@19.1.0)':
    dependencies:
      '@radix-ui/primitive': 1.1.2
      '@radix-ui/react-compose-refs': 1.1.2(react@19.1.0)
      '@radix-ui/react-context': 1.1.2(react@19.1.0)
      '@radix-ui/react-presence': 1.1.3(react-dom@19.1.0(react@19.1.0))(react@19.1.0)
      '@radix-ui/react-primitive': 2.1.0(react-dom@19.1.0(react@19.1.0))(react@19.1.0)
      '@radix-ui/react-use-controllable-state': 1.2.2(react@19.1.0)
      '@radix-ui/react-use-previous': 1.1.1(react@19.1.0)
      '@radix-ui/react-use-size': 1.1.1(react@19.1.0)
      react: 19.1.0
      react-dom: 19.1.0(react@19.1.0)

  '@radix-ui/react-collection@1.1.4(react-dom@19.1.0(react@19.1.0))(react@19.1.0)':
    dependencies:
      '@radix-ui/react-compose-refs': 1.1.2(react@19.1.0)
      '@radix-ui/react-context': 1.1.2(react@19.1.0)
      '@radix-ui/react-primitive': 2.1.0(react-dom@19.1.0(react@19.1.0))(react@19.1.0)
      '@radix-ui/react-slot': 1.2.0(react@19.1.0)
      react: 19.1.0
      react-dom: 19.1.0(react@19.1.0)

  '@radix-ui/react-compose-refs@1.1.2(react@19.1.0)':
    dependencies:
      react: 19.1.0

  '@radix-ui/react-context@1.1.2(react@19.1.0)':
    dependencies:
      react: 19.1.0

  '@radix-ui/react-dialog@1.1.10(react-dom@19.1.0(react@19.1.0))(react@19.1.0)':
    dependencies:
      '@radix-ui/primitive': 1.1.2
      '@radix-ui/react-compose-refs': 1.1.2(react@19.1.0)
      '@radix-ui/react-context': 1.1.2(react@19.1.0)
      '@radix-ui/react-dismissable-layer': 1.1.7(react-dom@19.1.0(react@19.1.0))(react@19.1.0)
      '@radix-ui/react-focus-guards': 1.1.2(react@19.1.0)
      '@radix-ui/react-focus-scope': 1.1.4(react-dom@19.1.0(react@19.1.0))(react@19.1.0)
      '@radix-ui/react-id': 1.1.1(react@19.1.0)
      '@radix-ui/react-portal': 1.1.6(react-dom@19.1.0(react@19.1.0))(react@19.1.0)
      '@radix-ui/react-presence': 1.1.3(react-dom@19.1.0(react@19.1.0))(react@19.1.0)
      '@radix-ui/react-primitive': 2.1.0(react-dom@19.1.0(react@19.1.0))(react@19.1.0)
      '@radix-ui/react-slot': 1.2.0(react@19.1.0)
      '@radix-ui/react-use-controllable-state': 1.2.2(react@19.1.0)
      aria-hidden: 1.2.4
      react: 19.1.0
      react-dom: 19.1.0(react@19.1.0)
      react-remove-scroll: 2.6.3(react@19.1.0)

  '@radix-ui/react-direction@1.1.1(react@19.1.0)':
    dependencies:
      react: 19.1.0

  '@radix-ui/react-dismissable-layer@1.1.7(react-dom@19.1.0(react@19.1.0))(react@19.1.0)':
    dependencies:
      '@radix-ui/primitive': 1.1.2
      '@radix-ui/react-compose-refs': 1.1.2(react@19.1.0)
      '@radix-ui/react-primitive': 2.1.0(react-dom@19.1.0(react@19.1.0))(react@19.1.0)
      '@radix-ui/react-use-callback-ref': 1.1.1(react@19.1.0)
      '@radix-ui/react-use-escape-keydown': 1.1.1(react@19.1.0)
      react: 19.1.0
      react-dom: 19.1.0(react@19.1.0)

  '@radix-ui/react-dropdown-menu@2.1.10(react-dom@19.1.0(react@19.1.0))(react@19.1.0)':
    dependencies:
      '@radix-ui/primitive': 1.1.2
      '@radix-ui/react-compose-refs': 1.1.2(react@19.1.0)
      '@radix-ui/react-context': 1.1.2(react@19.1.0)
      '@radix-ui/react-id': 1.1.1(react@19.1.0)
      '@radix-ui/react-menu': 2.1.10(react-dom@19.1.0(react@19.1.0))(react@19.1.0)
      '@radix-ui/react-primitive': 2.1.0(react-dom@19.1.0(react@19.1.0))(react@19.1.0)
      '@radix-ui/react-use-controllable-state': 1.2.2(react@19.1.0)
      react: 19.1.0
      react-dom: 19.1.0(react@19.1.0)

  '@radix-ui/react-focus-guards@1.1.2(react@19.1.0)':
    dependencies:
      react: 19.1.0

  '@radix-ui/react-focus-scope@1.1.4(react-dom@19.1.0(react@19.1.0))(react@19.1.0)':
    dependencies:
      '@radix-ui/react-compose-refs': 1.1.2(react@19.1.0)
      '@radix-ui/react-primitive': 2.1.0(react-dom@19.1.0(react@19.1.0))(react@19.1.0)
      '@radix-ui/react-use-callback-ref': 1.1.1(react@19.1.0)
      react: 19.1.0
      react-dom: 19.1.0(react@19.1.0)

  '@radix-ui/react-id@1.1.1(react@19.1.0)':
    dependencies:
      '@radix-ui/react-use-layout-effect': 1.1.1(react@19.1.0)
      react: 19.1.0

  '@radix-ui/react-label@2.1.4(react-dom@19.1.0(react@19.1.0))(react@19.1.0)':
    dependencies:
      '@radix-ui/react-primitive': 2.1.0(react-dom@19.1.0(react@19.1.0))(react@19.1.0)
      react: 19.1.0
      react-dom: 19.1.0(react@19.1.0)

  '@radix-ui/react-menu@2.1.10(react-dom@19.1.0(react@19.1.0))(react@19.1.0)':
    dependencies:
      '@radix-ui/primitive': 1.1.2
      '@radix-ui/react-collection': 1.1.4(react-dom@19.1.0(react@19.1.0))(react@19.1.0)
      '@radix-ui/react-compose-refs': 1.1.2(react@19.1.0)
      '@radix-ui/react-context': 1.1.2(react@19.1.0)
      '@radix-ui/react-direction': 1.1.1(react@19.1.0)
      '@radix-ui/react-dismissable-layer': 1.1.7(react-dom@19.1.0(react@19.1.0))(react@19.1.0)
      '@radix-ui/react-focus-guards': 1.1.2(react@19.1.0)
      '@radix-ui/react-focus-scope': 1.1.4(react-dom@19.1.0(react@19.1.0))(react@19.1.0)
      '@radix-ui/react-id': 1.1.1(react@19.1.0)
      '@radix-ui/react-popper': 1.2.4(react-dom@19.1.0(react@19.1.0))(react@19.1.0)
      '@radix-ui/react-portal': 1.1.6(react-dom@19.1.0(react@19.1.0))(react@19.1.0)
      '@radix-ui/react-presence': 1.1.3(react-dom@19.1.0(react@19.1.0))(react@19.1.0)
      '@radix-ui/react-primitive': 2.1.0(react-dom@19.1.0(react@19.1.0))(react@19.1.0)
      '@radix-ui/react-roving-focus': 1.1.6(react-dom@19.1.0(react@19.1.0))(react@19.1.0)
      '@radix-ui/react-slot': 1.2.0(react@19.1.0)
      '@radix-ui/react-use-callback-ref': 1.1.1(react@19.1.0)
      aria-hidden: 1.2.4
      react: 19.1.0
      react-dom: 19.1.0(react@19.1.0)
      react-remove-scroll: 2.6.3(react@19.1.0)

  '@radix-ui/react-popper@1.2.4(react-dom@19.1.0(react@19.1.0))(react@19.1.0)':
    dependencies:
      '@floating-ui/react-dom': 2.1.2(react-dom@19.1.0(react@19.1.0))(react@19.1.0)
      '@radix-ui/react-arrow': 1.1.4(react-dom@19.1.0(react@19.1.0))(react@19.1.0)
      '@radix-ui/react-compose-refs': 1.1.2(react@19.1.0)
      '@radix-ui/react-context': 1.1.2(react@19.1.0)
      '@radix-ui/react-primitive': 2.1.0(react-dom@19.1.0(react@19.1.0))(react@19.1.0)
      '@radix-ui/react-use-callback-ref': 1.1.1(react@19.1.0)
      '@radix-ui/react-use-layout-effect': 1.1.1(react@19.1.0)
      '@radix-ui/react-use-rect': 1.1.1(react@19.1.0)
      '@radix-ui/react-use-size': 1.1.1(react@19.1.0)
      '@radix-ui/rect': 1.1.1
      react: 19.1.0
      react-dom: 19.1.0(react@19.1.0)

  '@radix-ui/react-portal@1.1.6(react-dom@19.1.0(react@19.1.0))(react@19.1.0)':
    dependencies:
      '@radix-ui/react-primitive': 2.1.0(react-dom@19.1.0(react@19.1.0))(react@19.1.0)
      '@radix-ui/react-use-layout-effect': 1.1.1(react@19.1.0)
      react: 19.1.0
      react-dom: 19.1.0(react@19.1.0)

  '@radix-ui/react-presence@1.1.3(react-dom@19.1.0(react@19.1.0))(react@19.1.0)':
    dependencies:
      '@radix-ui/react-compose-refs': 1.1.2(react@19.1.0)
      '@radix-ui/react-use-layout-effect': 1.1.1(react@19.1.0)
      react: 19.1.0
      react-dom: 19.1.0(react@19.1.0)

  '@radix-ui/react-primitive@2.1.0(react-dom@19.1.0(react@19.1.0))(react@19.1.0)':
    dependencies:
      '@radix-ui/react-slot': 1.2.0(react@19.1.0)
      react: 19.1.0
      react-dom: 19.1.0(react@19.1.0)

  '@radix-ui/react-roving-focus@1.1.6(react-dom@19.1.0(react@19.1.0))(react@19.1.0)':
    dependencies:
      '@radix-ui/primitive': 1.1.2
      '@radix-ui/react-collection': 1.1.4(react-dom@19.1.0(react@19.1.0))(react@19.1.0)
      '@radix-ui/react-compose-refs': 1.1.2(react@19.1.0)
      '@radix-ui/react-context': 1.1.2(react@19.1.0)
      '@radix-ui/react-direction': 1.1.1(react@19.1.0)
      '@radix-ui/react-id': 1.1.1(react@19.1.0)
      '@radix-ui/react-primitive': 2.1.0(react-dom@19.1.0(react@19.1.0))(react@19.1.0)
      '@radix-ui/react-use-callback-ref': 1.1.1(react@19.1.0)
      '@radix-ui/react-use-controllable-state': 1.2.2(react@19.1.0)
      react: 19.1.0
      react-dom: 19.1.0(react@19.1.0)

  '@radix-ui/react-select@2.2.2(react-dom@19.1.0(react@19.1.0))(react@19.1.0)':
    dependencies:
      '@radix-ui/number': 1.1.1
      '@radix-ui/primitive': 1.1.2
      '@radix-ui/react-collection': 1.1.4(react-dom@19.1.0(react@19.1.0))(react@19.1.0)
      '@radix-ui/react-compose-refs': 1.1.2(react@19.1.0)
      '@radix-ui/react-context': 1.1.2(react@19.1.0)
      '@radix-ui/react-direction': 1.1.1(react@19.1.0)
      '@radix-ui/react-dismissable-layer': 1.1.7(react-dom@19.1.0(react@19.1.0))(react@19.1.0)
      '@radix-ui/react-focus-guards': 1.1.2(react@19.1.0)
      '@radix-ui/react-focus-scope': 1.1.4(react-dom@19.1.0(react@19.1.0))(react@19.1.0)
      '@radix-ui/react-id': 1.1.1(react@19.1.0)
      '@radix-ui/react-popper': 1.2.4(react-dom@19.1.0(react@19.1.0))(react@19.1.0)
      '@radix-ui/react-portal': 1.1.6(react-dom@19.1.0(react@19.1.0))(react@19.1.0)
      '@radix-ui/react-primitive': 2.1.0(react-dom@19.1.0(react@19.1.0))(react@19.1.0)
      '@radix-ui/react-slot': 1.2.0(react@19.1.0)
      '@radix-ui/react-use-callback-ref': 1.1.1(react@19.1.0)
      '@radix-ui/react-use-controllable-state': 1.2.2(react@19.1.0)
      '@radix-ui/react-use-layout-effect': 1.1.1(react@19.1.0)
      '@radix-ui/react-use-previous': 1.1.1(react@19.1.0)
      '@radix-ui/react-visually-hidden': 1.2.0(react-dom@19.1.0(react@19.1.0))(react@19.1.0)
      aria-hidden: 1.2.4
      react: 19.1.0
      react-dom: 19.1.0(react@19.1.0)
      react-remove-scroll: 2.6.3(react@19.1.0)

  '@radix-ui/react-separator@1.1.4(react-dom@19.1.0(react@19.1.0))(react@19.1.0)':
    dependencies:
      '@radix-ui/react-primitive': 2.1.0(react-dom@19.1.0(react@19.1.0))(react@19.1.0)
      react: 19.1.0
      react-dom: 19.1.0(react@19.1.0)

  '@radix-ui/react-slot@1.2.0(react@19.1.0)':
    dependencies:
      '@radix-ui/react-compose-refs': 1.1.2(react@19.1.0)
      react: 19.1.0

  '@radix-ui/react-switch@1.2.2(react-dom@19.1.0(react@19.1.0))(react@19.1.0)':
    dependencies:
      '@radix-ui/primitive': 1.1.2
      '@radix-ui/react-compose-refs': 1.1.2(react@19.1.0)
      '@radix-ui/react-context': 1.1.2(react@19.1.0)
      '@radix-ui/react-primitive': 2.1.0(react-dom@19.1.0(react@19.1.0))(react@19.1.0)
      '@radix-ui/react-use-controllable-state': 1.2.2(react@19.1.0)
      '@radix-ui/react-use-previous': 1.1.1(react@19.1.0)
      '@radix-ui/react-use-size': 1.1.1(react@19.1.0)
      react: 19.1.0
      react-dom: 19.1.0(react@19.1.0)

  '@radix-ui/react-tabs@1.1.7(react-dom@19.1.0(react@19.1.0))(react@19.1.0)':
    dependencies:
      '@radix-ui/primitive': 1.1.2
      '@radix-ui/react-context': 1.1.2(react@19.1.0)
      '@radix-ui/react-direction': 1.1.1(react@19.1.0)
      '@radix-ui/react-id': 1.1.1(react@19.1.0)
      '@radix-ui/react-presence': 1.1.3(react-dom@19.1.0(react@19.1.0))(react@19.1.0)
      '@radix-ui/react-primitive': 2.1.0(react-dom@19.1.0(react@19.1.0))(react@19.1.0)
      '@radix-ui/react-roving-focus': 1.1.6(react-dom@19.1.0(react@19.1.0))(react@19.1.0)
      '@radix-ui/react-use-controllable-state': 1.2.2(react@19.1.0)
      react: 19.1.0
      react-dom: 19.1.0(react@19.1.0)

  '@radix-ui/react-use-callback-ref@1.1.1(react@19.1.0)':
    dependencies:
      react: 19.1.0

  '@radix-ui/react-use-controllable-state@1.2.2(react@19.1.0)':
    dependencies:
      '@radix-ui/react-use-effect-event': 0.0.2(react@19.1.0)
      '@radix-ui/react-use-layout-effect': 1.1.1(react@19.1.0)
      react: 19.1.0

  '@radix-ui/react-use-effect-event@0.0.2(react@19.1.0)':
    dependencies:
      '@radix-ui/react-use-layout-effect': 1.1.1(react@19.1.0)
      react: 19.1.0

  '@radix-ui/react-use-escape-keydown@1.1.1(react@19.1.0)':
    dependencies:
      '@radix-ui/react-use-callback-ref': 1.1.1(react@19.1.0)
      react: 19.1.0

  '@radix-ui/react-use-layout-effect@1.1.1(react@19.1.0)':
    dependencies:
      react: 19.1.0

  '@radix-ui/react-use-previous@1.1.1(react@19.1.0)':
    dependencies:
      react: 19.1.0

  '@radix-ui/react-use-rect@1.1.1(react@19.1.0)':
    dependencies:
      '@radix-ui/rect': 1.1.1
      react: 19.1.0

  '@radix-ui/react-use-size@1.1.1(react@19.1.0)':
    dependencies:
      '@radix-ui/react-use-layout-effect': 1.1.1(react@19.1.0)
      react: 19.1.0

  '@radix-ui/react-visually-hidden@1.2.0(react-dom@19.1.0(react@19.1.0))(react@19.1.0)':
    dependencies:
      '@radix-ui/react-primitive': 2.1.0(react-dom@19.1.0(react@19.1.0))(react@19.1.0)
      react: 19.1.0
      react-dom: 19.1.0(react@19.1.0)

  '@radix-ui/rect@1.1.1': {}

  aria-hidden@1.2.4:
    dependencies:
      tslib: 2.8.1

  class-variance-authority@0.7.1:
    dependencies:
      clsx: 2.1.1

  clsx@2.1.1: {}

  detect-node-es@1.1.0: {}

  get-nonce@1.0.1: {}

  lucide-react@0.501.0(react@19.1.0):
    dependencies:
      react: 19.1.0

  react-dom@19.1.0(react@19.1.0):
    dependencies:
      react: 19.1.0
      scheduler: 0.26.0

  react-remove-scroll-bar@2.3.8(react@19.1.0):
    dependencies:
      react: 19.1.0
      react-style-singleton: 2.2.3(react@19.1.0)
      tslib: 2.8.1

  react-remove-scroll@2.6.3(react@19.1.0):
    dependencies:
      react: 19.1.0
      react-remove-scroll-bar: 2.3.8(react@19.1.0)
      react-style-singleton: 2.2.3(react@19.1.0)
      tslib: 2.8.1
      use-callback-ref: 1.3.3(react@19.1.0)
      use-sidecar: 1.1.3(react@19.1.0)

  react-style-singleton@2.2.3(react@19.1.0):
    dependencies:
      get-nonce: 1.0.1
      react: 19.1.0
      tslib: 2.8.1

  react@19.1.0: {}

  scheduler@0.26.0: {}

  tailwind-merge@3.2.0: {}

  tslib@2.8.1: {}

  use-callback-ref@1.3.3(react@19.1.0):
    dependencies:
      react: 19.1.0
      tslib: 2.8.1

  use-sidecar@1.1.3(react@19.1.0):
    dependencies:
      detect-node-es: 1.1.0
      react: 19.1.0
      tslib: 2.8.1
